<?xml version="1.0" encoding="utf-8"?>
<Project ToolsVersion="4.0" xmlns="http://schemas.microsoft.com/developer/msbuild/2003">
  <ItemGroup>
    <Filter Include="소스 파일">
      <UniqueIdentifier>{4FC737F1-C7A5-4376-A066-2A32D752A2FF}</UniqueIdentifier>
      <Extensions>cpp;c;cc;cxx;c++;def;odl;idl;hpj;bat;asm;asmx</Extensions>
    </Filter>
    <Filter Include="헤더 파일">
      <UniqueIdentifier>{93995380-89BD-4b04-88EB-625FBE52EBFB}</UniqueIdentifier>
      <Extensions>h;hh;hpp;hxx;h++;hm;inl;inc;ipp;xsd</Extensions>
    </Filter>
    <Filter Include="리소스 파일">
      <UniqueIdentifier>{67DA6AB6-F800-4c08-8B7A-83BB121AAD01}</UniqueIdentifier>
      <Extensions>rc;ico;cur;bmp;dlg;rc2;rct;bin;rgs;gif;jpg;jpeg;jpe;resx;tiff;tif;png;wav;mfcribbon-ms</Extensions>
    </Filter>
  </ItemGroup>
  <ItemGroup>
    <ClCompile Include="소스.cpp">
      <Filter>소스 파일</Filter>
    </ClCompile>
    <ClCompile Include="소스1.cpp">
      <Filter>소스 파일</Filter>
    </ClCompile>
    <ClCompile Include="boj11650.cpp">
      <Filter>소스 파일</Filter>
    </ClCompile>
    <ClCompile Include="boj11651.cpp">
      <Filter>소스 파일</Filter>
    </ClCompile>
    <ClCompile Include="boj10814.cpp">
      <Filter>소스 파일</Filter>
    </ClCompile>
    <ClCompile Include="boj10825.cpp">
      <Filter>소스 파일</Filter>
    </ClCompile>
    <ClCompile Include="boj10989.cpp">
      <Filter>소스 파일</Filter>
    </ClCompile>
    <ClCompile Include="boj9095.cpp">
      <Filter>소스 파일</Filter>
    </ClCompile>
    <ClCompile Include="boj1406.cpp">
      <Filter>소스 파일</Filter>
    </ClCompile>
    <ClCompile Include="boj2902.cpp">
      <Filter>소스 파일</Filter>
    </ClCompile>
    <ClCompile Include="boj2631.cpp">
      <Filter>소스 파일</Filter>
    </ClCompile>
    <ClCompile Include="boj1259.cpp">
      <Filter>소스 파일</Filter>
    </ClCompile>
    <ClCompile Include="boj2503.cpp">
      <Filter>소스 파일</Filter>
    </ClCompile>
    <ClCompile Include="boj18405.cpp">
      <Filter>소스 파일</Filter>
    </ClCompile>
    <ClCompile Include="boj2718.cpp">
      <Filter>소스 파일</Filter>
    </ClCompile>
    <ClCompile Include="BOJ20061.cpp">
      <Filter>소스 파일</Filter>
    </ClCompile>
    <ClCompile Include="test2.cpp">
      <Filter>소스 파일</Filter>
    </ClCompile>
    <ClCompile Include="boj17406.cpp">
      <Filter>소스 파일</Filter>
    </ClCompile>
    <ClCompile Include="boj18258.cpp">
      <Filter>소스 파일</Filter>
    </ClCompile>
    <ClCompile Include="test1.cpp">
      <Filter>소스 파일</Filter>
    </ClCompile>
    <ClCompile Include="ka2.cpp">
      <Filter>소스 파일</Filter>
    </ClCompile>
    <ClCompile Include="ka3.cpp">
      <Filter>소스 파일</Filter>
    </ClCompile>
    <ClCompile Include="ka4.cpp">
      <Filter>소스 파일</Filter>
    </ClCompile>
    <ClCompile Include="ka5.cpp">
      <Filter>소스 파일</Filter>
    </ClCompile>
    <ClCompile Include="boj1920.cpp">
      <Filter>소스 파일</Filter>
    </ClCompile>
    <ClCompile Include="boj21608.cpp">
      <Filter>소스 파일</Filter>
    </ClCompile>
    <ClCompile Include="boj3273.cpp">
      <Filter>소스 파일</Filter>
    </ClCompile>
    <ClCompile Include="boj3036.cpp">
      <Filter>소스 파일</Filter>
    </ClCompile>
    <ClCompile Include="boj16985.cpp">
      <Filter>소스 파일</Filter>
    </ClCompile>
    <ClCompile Include="boj1517.cpp">
      <Filter>소스 파일</Filter>
    </ClCompile>
    <ClCompile Include="boj1927.cpp">
      <Filter>소스 파일</Filter>
    </ClCompile>
    <ClCompile Include="boj16936.cpp">
      <Filter>소스 파일</Filter>
    </ClCompile>
    <ClCompile Include="boj13398.cpp">
      <Filter>소스 파일</Filter>
    </ClCompile>
    <ClCompile Include="boj4195.cpp">
      <Filter>소스 파일</Filter>
    </ClCompile>
    <ClCompile Include="boj1016.cpp">
      <Filter>소스 파일</Filter>
    </ClCompile>
    <ClCompile Include="boj1311.cpp">
      <Filter>소스 파일</Filter>
    </ClCompile>
    <ClCompile Include="boj10972.cpp">
      <Filter>소스 파일</Filter>
    </ClCompile>
    <ClCompile Include="boj14225.cpp">
      <Filter>소스 파일</Filter>
    </ClCompile>
    <ClCompile Include="boj1720.cpp">
      <Filter>소스 파일</Filter>
    </ClCompile>
    <ClCompile Include="boj10162.cpp">
      <Filter>소스 파일</Filter>
    </ClCompile>
    <ClCompile Include="boj2688.cpp">
      <Filter>소스 파일</Filter>
    </ClCompile>
    <ClCompile Include="boj10971.cpp">
      <Filter>소스 파일</Filter>
    </ClCompile>
    <ClCompile Include="boj9465.cpp">
      <Filter>소스 파일</Filter>
    </ClCompile>
    <ClCompile Include="boj20058.cpp">
      <Filter>소스 파일</Filter>
    </ClCompile>
    <ClCompile Include="boj2503-1.cpp">
      <Filter>소스 파일</Filter>
    </ClCompile>
    <ClCompile Include="boj1699.cpp">
      <Filter>소스 파일</Filter>
    </ClCompile>
    <ClCompile Include="boj1032.cpp">
      <Filter>소스 파일</Filter>
    </ClCompile>
    <ClCompile Include="boj1212.cpp">
      <Filter>소스 파일</Filter>
    </ClCompile>
    <ClCompile Include="boj1076.cpp">
      <Filter>소스 파일</Filter>
    </ClCompile>
    <ClCompile Include="boj1039.cpp">
      <Filter>소스 파일</Filter>
    </ClCompile>
    <ClCompile Include="boj13913.cpp">
      <Filter>소스 파일</Filter>
    </ClCompile>
    <ClCompile Include="boj2754.cpp">
      <Filter>소스 파일</Filter>
    </ClCompile>
    <ClCompile Include="boj7567.cpp">
      <Filter>소스 파일</Filter>
    </ClCompile>
    <ClCompile Include="boj3986.cpp">
      <Filter>소스 파일</Filter>
    </ClCompile>
    <ClCompile Include="boj2711.cpp">
      <Filter>소스 파일</Filter>
    </ClCompile>
    <ClCompile Include="boj11098.cpp">
      <Filter>소스 파일</Filter>
    </ClCompile>
    <ClCompile Include="boj1969.cpp">
      <Filter>소스 파일</Filter>
    </ClCompile>
    <ClCompile Include="boj5598.cpp">
      <Filter>소스 파일</Filter>
    </ClCompile>
    <ClCompile Include="boj2789.cpp">
      <Filter>소스 파일</Filter>
    </ClCompile>
    <ClCompile Include="boj11505.cpp">
      <Filter>소스 파일</Filter>
    </ClCompile>
    <ClCompile Include="boj1264.cpp">
      <Filter>소스 파일</Filter>
    </ClCompile>
    <ClCompile Include="boj19532.cpp">
      <Filter>소스 파일</Filter>
    </ClCompile>
    <ClCompile Include="boj11944.cpp">
      <Filter>소스 파일</Filter>
    </ClCompile>
    <ClCompile Include="boj6231.cpp">
      <Filter>소스 파일</Filter>
    </ClCompile>
    <ClCompile Include="boj2576.cpp">
      <Filter>소스 파일</Filter>
    </ClCompile>
    <ClCompile Include="BOJ20058_2.cpp">
      <Filter>소스 파일</Filter>
    </ClCompile>
    <ClCompile Include="boj14719.cpp">
      <Filter>소스 파일</Filter>
    </ClCompile>
    <ClCompile Include="boj9625.cpp">
      <Filter>소스 파일</Filter>
    </ClCompile>
    <ClCompile Include="boj2003.cpp">
      <Filter>소스 파일</Filter>
    </ClCompile>
    <ClCompile Include="boj2004.cpp">
      <Filter>소스 파일</Filter>
    </ClCompile>
    <ClCompile Include="boj1039-2.cpp">
      <Filter>소스 파일</Filter>
    </ClCompile>
    <ClCompile Include="boj1449.cpp">
      <Filter>소스 파일</Filter>
    </ClCompile>
    <ClCompile Include="boj11052.cpp">
      <Filter>소스 파일</Filter>
    </ClCompile>
    <ClCompile Include="boj1159.cpp">
      <Filter>소스 파일</Filter>
    </ClCompile>
    <ClCompile Include="boj12014.cpp">
      <Filter>소스 파일</Filter>
    </ClCompile>
    <ClCompile Include="boj12015.cpp">
      <Filter>소스 파일</Filter>
    </ClCompile>
    <ClCompile Include="boj4354.cpp">
      <Filter>소스 파일</Filter>
    </ClCompile>
    <ClCompile Include="boj2470.cpp">
      <Filter>소스 파일</Filter>
    </ClCompile>
    <ClCompile Include="boj1009.cpp">
      <Filter>소스 파일</Filter>
    </ClCompile>
    <ClCompile Include="boj11062.cpp">
      <Filter>소스 파일</Filter>
    </ClCompile>
    <ClCompile Include="boj2495.cpp">
      <Filter>소스 파일</Filter>
    </ClCompile>
    <ClCompile Include="boj5427.cpp">
      <Filter>소스 파일</Filter>
    </ClCompile>
    <ClCompile Include="boj2512.cpp">
      <Filter>소스 파일</Filter>
    </ClCompile>
    <ClCompile Include="boj13023.cpp">
      <Filter>소스 파일</Filter>
    </ClCompile>
    <ClCompile Include="BOJ22232.cpp">
      <Filter>소스 파일</Filter>
    </ClCompile>
    <ClCompile Include="boj2608.cpp">
      <Filter>소스 파일</Filter>
    </ClCompile>
    <ClCompile Include="boj1141.cpp">
      <Filter>소스 파일</Filter>
    </ClCompile>
    <ClCompile Include="boj9935.cpp">
      <Filter>소스 파일</Filter>
    </ClCompile>
    <ClCompile Include="boj1342.cpp">
      <Filter>소스 파일</Filter>
    </ClCompile>
    <ClCompile Include="boj3613.cpp">
      <Filter>소스 파일</Filter>
    </ClCompile>
    <ClCompile Include="boj2607.cpp">
      <Filter>소스 파일</Filter>
    </ClCompile>
    <ClCompile Include="boj1251.cpp">
      <Filter>소스 파일</Filter>
    </ClCompile>
    <ClCompile Include="boj20291.cpp">
      <Filter>소스 파일</Filter>
    </ClCompile>
    <ClCompile Include="boj20920.cpp">
      <Filter>소스 파일</Filter>
    </ClCompile>
    <ClCompile Include="boj9177.cpp">
      <Filter>소스 파일</Filter>
    </ClCompile>
    <ClCompile Include="internSu.cpp">
      <Filter>소스 파일</Filter>
    </ClCompile>
    <ClCompile Include="boj11401.cpp">
      <Filter>소스 파일</Filter>
    </ClCompile>
    <ClCompile Include="boj2752.cpp">
      <Filter>소스 파일</Filter>
    </ClCompile>
    <ClCompile Include="proFilenamesort.cpp">
      <Filter>소스 파일</Filter>
    </ClCompile>
    <ClCompile Include="proRankQuery.cpp">
      <Filter>소스 파일</Filter>
    </ClCompile>
    <ClCompile Include="proGo.cpp">
      <Filter>소스 파일</Filter>
    </ClCompile>
    <ClCompile Include="boj10867.cpp">
      <Filter>소스 파일</Filter>
    </ClCompile>
    <ClCompile Include="boj4458.cpp">
      <Filter>소스 파일</Filter>
    </ClCompile>
    <ClCompile Include="boj17413.cpp">
      <Filter>소스 파일</Filter>
    </ClCompile>
    <ClCompile Include="boj1371.cpp">
      <Filter>소스 파일</Filter>
    </ClCompile>
    <ClCompile Include="boj13163.cpp">
      <Filter>소스 파일</Filter>
    </ClCompile>
    <ClCompile Include="boj2857.cpp">
      <Filter>소스 파일</Filter>
    </ClCompile>
    <ClCompile Include="boj11000.cpp">
      <Filter>소스 파일</Filter>
    </ClCompile>
    <ClCompile Include="boj2661.cpp">
      <Filter>소스 파일</Filter>
    </ClCompile>
    <ClCompile Include="proGrid.cpp">
      <Filter>소스 파일</Filter>
    </ClCompile>
    <ClCompile Include="boj13913-2.cpp">
      <Filter>소스 파일</Filter>
    </ClCompile>
    <ClCompile Include="boj15990.cpp">
      <Filter>소스 파일</Filter>
    </ClCompile>
    <ClCompile Include="boj2163.cpp">
      <Filter>소스 파일</Filter>
    </ClCompile>
    <ClCompile Include="boj15829.cpp">
      <Filter>소스 파일</Filter>
    </ClCompile>
    <ClCompile Include="boj11382.cpp">
      <Filter>소스 파일</Filter>
    </ClCompile>
    <ClCompile Include="boj2851.cpp">
      <Filter>소스 파일</Filter>
    </ClCompile>
    <ClCompile Include="boj16953.cpp">
      <Filter>소스 파일</Filter>
    </ClCompile>
    <ClCompile Include="boj3028.cpp">
      <Filter>소스 파일</Filter>
    </ClCompile>
    <ClCompile Include="boj1939.cpp">
      <Filter>소스 파일</Filter>
    </ClCompile>
    <ClCompile Include="boj2480.cpp">
      <Filter>소스 파일</Filter>
    </ClCompile>
    <ClCompile Include="boj5576.cpp">
      <Filter>소스 파일</Filter>
    </ClCompile>
    <ClCompile Include="boj2696.cpp">
      <Filter>소스 파일</Filter>
    </ClCompile>
    <ClCompile Include="boj2357.cpp">
      <Filter>소스 파일</Filter>
    </ClCompile>
    <ClCompile Include="LINEtEST.cpp">
      <Filter>소스 파일</Filter>
    </ClCompile>
    <ClCompile Include="lineTest3.cpp">
      <Filter>소스 파일</Filter>
    </ClCompile>
    <ClCompile Include="lineTest4.cpp">
      <Filter>소스 파일</Filter>
    </ClCompile>
    <ClCompile Include="bojkakao1.cpp">
      <Filter>소스 파일</Filter>
    </ClCompile>
    <ClCompile Include="kakao2.cpp">
      <Filter>소스 파일</Filter>
    </ClCompile>
    <ClCompile Include="kakao3.cpp">
      <Filter>소스 파일</Filter>
    </ClCompile>
    <ClCompile Include="kakao4.cpp">
      <Filter>소스 파일</Filter>
    </ClCompile>
    <ClCompile Include="kakao5.cpp">
      <Filter>소스 파일</Filter>
    </ClCompile>
    <ClCompile Include="kakao6.cpp">
      <Filter>소스 파일</Filter>
    </ClCompile>
    <ClCompile Include="boj2535.cpp">
      <Filter>소스 파일</Filter>
    </ClCompile>
    <ClCompile Include="runningMedian.cpp">
      <Filter>소스 파일</Filter>
    </ClCompile>
    <ClCompile Include="boj2230.cpp">
      <Filter>소스 파일</Filter>
    </ClCompile>
    <ClCompile Include="boj1041.cpp">
      <Filter>소스 파일</Filter>
    </ClCompile>
    <ClCompile Include="boj1086.cpp">
      <Filter>소스 파일</Filter>
    </ClCompile>
    <ClCompile Include="boj14003.cpp">
      <Filter>소스 파일</Filter>
    </ClCompile>
    <ClCompile Include="boj11444.cpp">
      <Filter>소스 파일</Filter>
    </ClCompile>
    <ClCompile Include="boj1275.cpp">
      <Filter>소스 파일</Filter>
    </ClCompile>
    <ClCompile Include="boj2747.cpp">
      <Filter>소스 파일</Filter>
    </ClCompile>
    <ClCompile Include="boj11508.cpp">
      <Filter>소스 파일</Filter>
    </ClCompile>
    <ClCompile Include="boj5555.cpp">
      <Filter>소스 파일</Filter>
    </ClCompile>
    <ClCompile Include="boj1027.cpp">
      <Filter>소스 파일</Filter>
    </ClCompile>
    <ClCompile Include="boj2268.cpp">
      <Filter>소스 파일</Filter>
    </ClCompile>
    <ClCompile Include="boj2845.cpp">
      <Filter>소스 파일</Filter>
    </ClCompile>
    <ClCompile Include="boj17141.cpp">
      <Filter>소스 파일</Filter>
    </ClCompile>
    <ClCompile Include="boj2210.cpp">
      <Filter>소스 파일</Filter>
    </ClCompile>
    <ClCompile Include="boj14438.cpp">
      <Filter>소스 파일</Filter>
    </ClCompile>
    <ClCompile Include="boj4101.cpp">
      <Filter>소스 파일</Filter>
    </ClCompile>
    <ClCompile Include="boj14725.cpp">
      <Filter>소스 파일</Filter>
    </ClCompile>
    <ClCompile Include="boj1450.cpp">
      <Filter>소스 파일</Filter>
    </ClCompile>
    <ClCompile Include="boj15681.cpp">
      <Filter>소스 파일</Filter>
    </ClCompile>
    <ClCompile Include="boj4562.cpp">
      <Filter>소스 파일</Filter>
    </ClCompile>
    <ClCompile Include="boj4892.cpp">
      <Filter>소스 파일</Filter>
    </ClCompile>
    <ClCompile Include="boj5337.cpp">
      <Filter>소스 파일</Filter>
    </ClCompile>
    <ClCompile Include="boj5338.cpp">
      <Filter>소스 파일</Filter>
    </ClCompile>
  </ItemGroup>
</Project>